// !$*UTF8*$!
{
	archiveVersion = 1;
	classes = {
	};
	objectVersion = 56;
	objects = {

/* Begin PBXBuildFile section */
		B2BC60912935756E000BFE47 /* AppDelegate.swift in Sources */ = {isa = PBXBuildFile; fileRef = B2BC60902935756E000BFE47 /* AppDelegate.swift */; };
		B2BC60932935756E000BFE47 /* SceneDelegate.swift in Sources */ = {isa = PBXBuildFile; fileRef = B2BC60922935756E000BFE47 /* SceneDelegate.swift */; };
		B2BC60952935756E000BFE47 /* ViewController.swift in Sources */ = {isa = PBXBuildFile; fileRef = B2BC60942935756E000BFE47 /* ViewController.swift */; };
		B2BC60982935756E000BFE47 /* Main.storyboard in Resources */ = {isa = PBXBuildFile; fileRef = B2BC60962935756E000BFE47 /* Main.storyboard */; };
		B2BC609B2935756E000BFE47 /* desafio_mobile.xcdatamodeld in Sources */ = {isa = PBXBuildFile; fileRef = B2BC60992935756E000BFE47 /* desafio_mobile.xcdatamodeld */; };
		B2BC609D2935756F000BFE47 /* Assets.xcassets in Resources */ = {isa = PBXBuildFile; fileRef = B2BC609C2935756F000BFE47 /* Assets.xcassets */; };
		B2BC60A02935756F000BFE47 /* LaunchScreen.storyboard in Resources */ = {isa = PBXBuildFile; fileRef = B2BC609E2935756F000BFE47 /* LaunchScreen.storyboard */; };
		B2BC60AB29357570000BFE47 /* desafio_mobileTests.swift in Sources */ = {isa = PBXBuildFile; fileRef = B2BC60AA29357570000BFE47 /* desafio_mobileTests.swift */; };
		B2BC60B529357570000BFE47 /* desafio_mobileUITests.swift in Sources */ = {isa = PBXBuildFile; fileRef = B2BC60B429357570000BFE47 /* desafio_mobileUITests.swift */; };
		B2BC60B729357570000BFE47 /* desafio_mobileUITestsLaunchTests.swift in Sources */ = {isa = PBXBuildFile; fileRef = B2BC60B629357570000BFE47 /* desafio_mobileUITestsLaunchTests.swift */; };
		B2BC60C4293576DD000BFE47 /* GoogleService-Info.plist in Resources */ = {isa = PBXBuildFile; fileRef = B2BC60C3293576DC000BFE47 /* GoogleService-Info.plist */; };
		B2BC60C729357E12000BFE47 /* FirebaseAnalytics in Frameworks */ = {isa = PBXBuildFile; productRef = B2BC60C629357E12000BFE47 /* FirebaseAnalytics */; };
		B2BC60C929357E12000BFE47 /* FirebaseAuth in Frameworks */ = {isa = PBXBuildFile; productRef = B2BC60C829357E12000BFE47 /* FirebaseAuth */; };
		B2BC60CB29357E12000BFE47 /* FirebaseCrashlytics in Frameworks */ = {isa = PBXBuildFile; productRef = B2BC60CA29357E12000BFE47 /* FirebaseCrashlytics */; };
		B2BC60CD29357E12000BFE47 /* FirebaseFirestore in Frameworks */ = {isa = PBXBuildFile; productRef = B2BC60CC29357E12000BFE47 /* FirebaseFirestore */; };
/* End PBXBuildFile section */

/* Begin PBXContainerItemProxy section */
		B2BC60A729357570000BFE47 /* PBXContainerItemProxy */ = {
			isa = PBXContainerItemProxy;
			containerPortal = B2BC60852935756E000BFE47 /* Project object */;
			proxyType = 1;
			remoteGlobalIDString = B2BC608C2935756E000BFE47;
			remoteInfo = desafio_mobile;
		};
		B2BC60B129357570000BFE47 /* PBXContainerItemProxy */ = {
			isa = PBXContainerItemProxy;
			containerPortal = B2BC60852935756E000BFE47 /* Project object */;
			proxyType = 1;
			remoteGlobalIDString = B2BC608C2935756E000BFE47;
			remoteInfo = desafio_mobile;
		};
/* End PBXContainerItemProxy section */

/* Begin PBXFileReference section */
		B2BC608D2935756E000BFE47 /* desafio_mobile.app */ = {isa = PBXFileReference; explicitFileType = wrapper.application; includeInIndex = 0; path = desafio_mobile.app; sourceTree = BUILT_PRODUCTS_DIR; };
		B2BC60902935756E000BFE47 /* AppDelegate.swift */ = {isa = PBXFileReference; lastKnownFileType = sourcecode.swift; path = AppDelegate.swift; sourceTree = "<group>"; };
		B2BC60922935756E000BFE47 /* SceneDelegate.swift */ = {isa = PBXFileReference; lastKnownFileType = sourcecode.swift; path = SceneDelegate.swift; sourceTree = "<group>"; };
		B2BC60942935756E000BFE47 /* ViewController.swift */ = {isa = PBXFileReference; lastKnownFileType = sourcecode.swift; path = ViewController.swift; sourceTree = "<group>"; };
		B2BC60972935756E000BFE47 /* Base */ = {isa = PBXFileReference; lastKnownFileType = file.storyboard; name = Base; path = Base.lproj/Main.storyboard; sourceTree = "<group>"; };
		B2BC609A2935756E000BFE47 /* desafio_mobile.xcdatamodel */ = {isa = PBXFileReference; lastKnownFileType = wrapper.xcdatamodel; path = desafio_mobile.xcdatamodel; sourceTree = "<group>"; };
		B2BC609C2935756F000BFE47 /* Assets.xcassets */ = {isa = PBXFileReference; lastKnownFileType = folder.assetcatalog; path = Assets.xcassets; sourceTree = "<group>"; };
		B2BC609F2935756F000BFE47 /* Base */ = {isa = PBXFileReference; lastKnownFileType = file.storyboard; name = Base; path = Base.lproj/LaunchScreen.storyboard; sourceTree = "<group>"; };
		B2BC60A12935756F000BFE47 /* Info.plist */ = {isa = PBXFileReference; lastKnownFileType = text.plist.xml; path = Info.plist; sourceTree = "<group>"; };
		B2BC60A629357570000BFE47 /* desafio_mobileTests.xctest */ = {isa = PBXFileReference; explicitFileType = wrapper.cfbundle; includeInIndex = 0; path = desafio_mobileTests.xctest; sourceTree = BUILT_PRODUCTS_DIR; };
		B2BC60AA29357570000BFE47 /* desafio_mobileTests.swift */ = {isa = PBXFileReference; lastKnownFileType = sourcecode.swift; path = desafio_mobileTests.swift; sourceTree = "<group>"; };
		B2BC60B029357570000BFE47 /* desafio_mobileUITests.xctest */ = {isa = PBXFileReference; explicitFileType = wrapper.cfbundle; includeInIndex = 0; path = desafio_mobileUITests.xctest; sourceTree = BUILT_PRODUCTS_DIR; };
		B2BC60B429357570000BFE47 /* desafio_mobileUITests.swift */ = {isa = PBXFileReference; lastKnownFileType = sourcecode.swift; path = desafio_mobileUITests.swift; sourceTree = "<group>"; };
		B2BC60B629357570000BFE47 /* desafio_mobileUITestsLaunchTests.swift */ = {isa = PBXFileReference; lastKnownFileType = sourcecode.swift; path = desafio_mobileUITestsLaunchTests.swift; sourceTree = "<group>"; };
		B2BC60C3293576DC000BFE47 /* GoogleService-Info.plist */ = {isa = PBXFileReference; fileEncoding = 4; lastKnownFileType = text.plist.xml; path = "GoogleService-Info.plist"; sourceTree = "<group>"; };
/* End PBXFileReference section */

/* Begin PBXFrameworksBuildPhase section */
		B2BC608A2935756E000BFE47 /* Frameworks */ = {
			isa = PBXFrameworksBuildPhase;
			buildActionMask = 2147483647;
			files = (
				B2BC60CB29357E12000BFE47 /* FirebaseCrashlytics in Frameworks */,
				B2BC60CD29357E12000BFE47 /* FirebaseFirestore in Frameworks */,
				B2BC60C729357E12000BFE47 /* FirebaseAnalytics in Frameworks */,
				B2BC60C929357E12000BFE47 /* FirebaseAuth in Frameworks */,
			);
			runOnlyForDeploymentPostprocessing = 0;
		};
		B2BC60A329357570000BFE47 /* Frameworks */ = {
			isa = PBXFrameworksBuildPhase;
			buildActionMask = 2147483647;
			files = (
			);
			runOnlyForDeploymentPostprocessing = 0;
		};
		B2BC60AD29357570000BFE47 /* Frameworks */ = {
			isa = PBXFrameworksBuildPhase;
			buildActionMask = 2147483647;
			files = (
			);
			runOnlyForDeploymentPostprocessing = 0;
		};
/* End PBXFrameworksBuildPhase section */

/* Begin PBXGroup section */
		B2BC60842935756E000BFE47 = {
			isa = PBXGroup;
			children = (
				B2BC608F2935756E000BFE47 /* desafio_mobile */,
				B2BC60A929357570000BFE47 /* desafio_mobileTests */,
				B2BC60B329357570000BFE47 /* desafio_mobileUITests */,
				B2BC608E2935756E000BFE47 /* Products */,
			);
			sourceTree = "<group>";
		};
		B2BC608E2935756E000BFE47 /* Products */ = {
			isa = PBXGroup;
			children = (
				B2BC608D2935756E000BFE47 /* desafio_mobile.app */,
				B2BC60A629357570000BFE47 /* desafio_mobileTests.xctest */,
				B2BC60B029357570000BFE47 /* desafio_mobileUITests.xctest */,
			);
			name = Products;
			sourceTree = "<group>";
		};
		B2BC608F2935756E000BFE47 /* desafio_mobile */ = {
			isa = PBXGroup;
			children = (
				B2BC60902935756E000BFE47 /* AppDelegate.swift */,
				B2BC60922935756E000BFE47 /* SceneDelegate.swift */,
				B2BC60942935756E000BFE47 /* ViewController.swift */,
				B2BC60962935756E000BFE47 /* Main.storyboard */,
				B2BC609C2935756F000BFE47 /* Assets.xcassets */,
				B2BC609E2935756F000BFE47 /* LaunchScreen.storyboard */,
				B2BC60A12935756F000BFE47 /* Info.plist */,
				B2BC60C3293576DC000BFE47 /* GoogleService-Info.plist */,
				B2BC60992935756E000BFE47 /* desafio_mobile.xcdatamodeld */,
			);
			path = desafio_mobile;
			sourceTree = "<group>";
		};
		B2BC60A929357570000BFE47 /* desafio_mobileTests */ = {
			isa = PBXGroup;
			children = (
				B2BC60AA29357570000BFE47 /* desafio_mobileTests.swift */,
			);
			path = desafio_mobileTests;
			sourceTree = "<group>";
		};
		B2BC60B329357570000BFE47 /* desafio_mobileUITests */ = {
			isa = PBXGroup;
			children = (
				B2BC60B429357570000BFE47 /* desafio_mobileUITests.swift */,
				B2BC60B629357570000BFE47 /* desafio_mobileUITestsLaunchTests.swift */,
			);
			path = desafio_mobileUITests;
			sourceTree = "<group>";
		};
/* End PBXGroup section */

/* Begin PBXNativeTarget section */
		B2BC608C2935756E000BFE47 /* desafio_mobile */ = {
			isa = PBXNativeTarget;
			buildConfigurationList = B2BC60BA29357570000BFE47 /* Build configuration list for PBXNativeTarget "desafio_mobile" */;
			buildPhases = (
				B2BC60892935756E000BFE47 /* Sources */,
				B2BC608A2935756E000BFE47 /* Frameworks */,
				B2BC608B2935756E000BFE47 /* Resources */,
			);
			buildRules = (
			);
			dependencies = (
			);
			name = desafio_mobile;
			packageProductDependencies = (
				B2BC60C629357E12000BFE47 /* FirebaseAnalytics */,
				B2BC60C829357E12000BFE47 /* FirebaseAuth */,
				B2BC60CA29357E12000BFE47 /* FirebaseCrashlytics */,
				B2BC60CC29357E12000BFE47 /* FirebaseFirestore */,
			);
			productName = desafio_mobile;
			productReference = B2BC608D2935756E000BFE47 /* desafio_mobile.app */;
			productType = "com.apple.product-type.application";
		};
		B2BC60A529357570000BFE47 /* desafio_mobileTests */ = {
			isa = PBXNativeTarget;
			buildConfigurationList = B2BC60BD29357570000BFE47 /* Build configuration list for PBXNativeTarget "desafio_mobileTests" */;
			buildPhases = (
				B2BC60A229357570000BFE47 /* Sources */,
				B2BC60A329357570000BFE47 /* Frameworks */,
				B2BC60A429357570000BFE47 /* Resources */,
			);
			buildRules = (
			);
			dependencies = (
				B2BC60A829357570000BFE47 /* PBXTargetDependency */,
			);
			name = desafio_mobileTests;
			productName = desafio_mobileTests;
			productReference = B2BC60A629357570000BFE47 /* desafio_mobileTests.xctest */;
			productType = "com.apple.product-type.bundle.unit-test";
		};
		B2BC60AF29357570000BFE47 /* desafio_mobileUITests */ = {
			isa = PBXNativeTarget;
			buildConfigurationList = B2BC60C029357570000BFE47 /* Build configuration list for PBXNativeTarget "desafio_mobileUITests" */;
			buildPhases = (
				B2BC60AC29357570000BFE47 /* Sources */,
				B2BC60AD29357570000BFE47 /* Frameworks */,
				B2BC60AE29357570000BFE47 /* Resources */,
			);
			buildRules = (
			);
			dependencies = (
				B2BC60B229357570000BFE47 /* PBXTargetDependency */,
			);
			name = desafio_mobileUITests;
			productName = desafio_mobileUITests;
			productReference = B2BC60B029357570000BFE47 /* desafio_mobileUITests.xctest */;
			productType = "com.apple.product-type.bundle.ui-testing";
		};
/* End PBXNativeTarget section */

/* Begin PBXProject section */
		B2BC60852935756E000BFE47 /* Project object */ = {
			isa = PBXProject;
			attributes = {
				BuildIndependentTargetsInParallel = 1;
				LastSwiftUpdateCheck = 1410;
				LastUpgradeCheck = 1410;
				TargetAttributes = {
					B2BC608C2935756E000BFE47 = {
						CreatedOnToolsVersion = 14.1;
					};
					B2BC60A529357570000BFE47 = {
						CreatedOnToolsVersion = 14.1;
						TestTargetID = B2BC608C2935756E000BFE47;
					};
					B2BC60AF29357570000BFE47 = {
						CreatedOnToolsVersion = 14.1;
						TestTargetID = B2BC608C2935756E000BFE47;
					};
				};
			};
			buildConfigurationList = B2BC60882935756E000BFE47 /* Build configuration list for PBXProject "desafio_mobile" */;
			compatibilityVersion = "Xcode 14.0";
			developmentRegion = en;
			hasScannedForEncodings = 0;
			knownRegions = (
				en,
				Base,
			);
			mainGroup = B2BC60842935756E000BFE47;
			packageReferences = (
				B2BC60C529357E12000BFE47 /* XCRemoteSwiftPackageReference "firebase-ios-sdk" */,
			);
			productRefGroup = B2BC608E2935756E000BFE47 /* Products */;
			projectDirPath = "";
			projectRoot = "";
			targets = (
				B2BC608C2935756E000BFE47 /* desafio_mobile */,
				B2BC60A529357570000BFE47 /* desafio_mobileTests */,
				B2BC60AF29357570000BFE47 /* desafio_mobileUITests */,
			);
		};
/* End PBXProject section */

/* Begin PBXResourcesBuildPhase section */
		B2BC608B2935756E000BFE47 /* Resources */ = {
			isa = PBXResourcesBuildPhase;
			buildActionMask = 2147483647;
			files = (
				B2BC60A02935756F000BFE47 /* LaunchScreen.storyboard in Resources */,
				B2BC60C4293576DD000BFE47 /* GoogleService-Info.plist in Resources */,
				B2BC609D2935756F000BFE47 /* Assets.xcassets in Resources */,
				B2BC60982935756E000BFE47 /* Main.storyboard in Resources */,
			);
			runOnlyForDeploymentPostprocessing = 0;
		};
		B2BC60A429357570000BFE47 /* Resources */ = {
			isa = PBXResourcesBuildPhase;
			buildActionMask = 2147483647;
			files = (
			);
			runOnlyForDeploymentPostprocessing = 0;
		};
		B2BC60AE29357570000BFE47 /* Resources */ = {
			isa = PBXResourcesBuildPhase;
			buildActionMask = 2147483647;
			files = (
			);
			runOnlyForDeploymentPostprocessing = 0;
		};
/* End PBXResourcesBuildPhase section */

/* Begin PBXSourcesBuildPhase section */
		B2BC60892935756E000BFE47 /* Sources */ = {
			isa = PBXSourcesBuildPhase;
			buildActionMask = 2147483647;
			files = (
				B2BC60952935756E000BFE47 /* ViewController.swift in Sources */,
				B2BC609B2935756E000BFE47 /* desafio_mobile.xcdatamodeld in Sources */,
				B2BC60912935756E000BFE47 /* AppDelegate.swift in Sources */,
				B2BC60932935756E000BFE47 /* SceneDelegate.swift in Sources */,
			);
			runOnlyForDeploymentPostprocessing = 0;
		};
		B2BC60A229357570000BFE47 /* Sources */ = {
			isa = PBXSourcesBuildPhase;
			buildActionMask = 2147483647;
			files = (
				B2BC60AB29357570000BFE47 /* desafio_mobileTests.swift in Sources */,
			);
			runOnlyForDeploymentPostprocessing = 0;
		};
		B2BC60AC29357570000BFE47 /* Sources */ = {
			isa = PBXSourcesBuildPhase;
			buildActionMask = 2147483647;
			files = (
				B2BC60B729357570000BFE47 /* desafio_mobileUITestsLaunchTests.swift in Sources */,
				B2BC60B529357570000BFE47 /* desafio_mobileUITests.swift in Sources */,
			);
			runOnlyForDeploymentPostprocessing = 0;
		};
/* End PBXSourcesBuildPhase section */

/* Begin PBXTargetDependency section */
		B2BC60A829357570000BFE47 /* PBXTargetDependency */ = {
			isa = PBXTargetDependency;
			target = B2BC608C2935756E000BFE47 /* desafio_mobile */;
			targetProxy = B2BC60A729357570000BFE47 /* PBXContainerItemProxy */;
		};
		B2BC60B229357570000BFE47 /* PBXTargetDependency */ = {
			isa = PBXTargetDependency;
			target = B2BC608C2935756E000BFE47 /* desafio_mobile */;
			targetProxy = B2BC60B129357570000BFE47 /* PBXContainerItemProxy */;
		};
/* End PBXTargetDependency section */

/* Begin PBXVariantGroup section */
		B2BC60962935756E000BFE47 /* Main.storyboard */ = {
			isa = PBXVariantGroup;
			children = (
				B2BC60972935756E000BFE47 /* Base */,
			);
			name = Main.storyboard;
			sourceTree = "<group>";
		};
		B2BC609E2935756F000BFE47 /* LaunchScreen.storyboard */ = {
			isa = PBXVariantGroup;
			children = (
				B2BC609F2935756F000BFE47 /* Base */,
			);
			name = LaunchScreen.storyboard;
			sourceTree = "<group>";
		};
/* End PBXVariantGroup section */

/* Begin XCBuildConfiguration section */
		B2BC60B829357570000BFE47 /* Debug */ = {
			isa = XCBuildConfiguration;
			buildSettings = {
				ALWAYS_SEARCH_USER_PATHS = NO;
				CLANG_ANALYZER_NONNULL = YES;
				CLANG_ANALYZER_NUMBER_OBJECT_CONVERSION = YES_AGGRESSIVE;
				CLANG_CXX_LANGUAGE_STANDARD = "gnu++20";
				CLANG_ENABLE_MODULES = YES;
				CLANG_ENABLE_OBJC_ARC = YES;
				CLANG_ENABLE_OBJC_WEAK = YES;
				CLANG_WARN_BLOCK_CAPTURE_AUTORELEASING = YES;
				CLANG_WARN_BOOL_CONVERSION = YES;
				CLANG_WARN_COMMA = YES;
				CLANG_WARN_CONSTANT_CONVERSION = YES;
				CLANG_WARN_DEPRECATED_OBJC_IMPLEMENTATIONS = YES;
				CLANG_WARN_DIRECT_OBJC_ISA_USAGE = YES_ERROR;
				CLANG_WARN_DOCUMENTATION_COMMENTS = YES;
				CLANG_WARN_EMPTY_BODY = YES;
				CLANG_WARN_ENUM_CONVERSION = YES;
				CLANG_WARN_INFINITE_RECURSION = YES;
				CLANG_WARN_INT_CONVERSION = YES;
				CLANG_WARN_NON_LITERAL_NULL_CONVERSION = YES;
				CLANG_WARN_OBJC_IMPLICIT_RETAIN_SELF = YES;
				CLANG_WARN_OBJC_LITERAL_CONVERSION = YES;
				CLANG_WARN_OBJC_ROOT_CLASS = YES_ERROR;
				CLANG_WARN_QUOTED_INCLUDE_IN_FRAMEWORK_HEADER = YES;
				CLANG_WARN_RANGE_LOOP_ANALYSIS = YES;
				CLANG_WARN_STRICT_PROTOTYPES = YES;
				CLANG_WARN_SUSPICIOUS_MOVE = YES;
				CLANG_WARN_UNGUARDED_AVAILABILITY = YES_AGGRESSIVE;
				CLANG_WARN_UNREACHABLE_CODE = YES;
				CLANG_WARN__DUPLICATE_METHOD_MATCH = YES;
				COPY_PHASE_STRIP = NO;
				DEBUG_INFORMATION_FORMAT = dwarf;
				ENABLE_STRICT_OBJC_MSGSEND = YES;
				ENABLE_TESTABILITY = YES;
				GCC_C_LANGUAGE_STANDARD = gnu11;
				GCC_DYNAMIC_NO_PIC = NO;
				GCC_NO_COMMON_BLOCKS = YES;
				GCC_OPTIMIZATION_LEVEL = 0;
				GCC_PREPROCESSOR_DEFINITIONS = (
					"DEBUG=1",
					"$(inherited)",
				);
				GCC_WARN_64_TO_32_BIT_CONVERSION = YES;
				GCC_WARN_ABOUT_RETURN_TYPE = YES_ERROR;
				GCC_WARN_UNDECLARED_SELECTOR = YES;
				GCC_WARN_UNINITIALIZED_AUTOS = YES_AGGRESSIVE;
				GCC_WARN_UNUSED_FUNCTION = YES;
				GCC_WARN_UNUSED_VARIABLE = YES;
				IPHONEOS_DEPLOYMENT_TARGET = 16.1;
				MTL_ENABLE_DEBUG_INFO = INCLUDE_SOURCE;
				MTL_FAST_MATH = YES;
				ONLY_ACTIVE_ARCH = YES;
				SDKROOT = iphoneos;
				SWIFT_ACTIVE_COMPILATION_CONDITIONS = DEBUG;
				SWIFT_OPTIMIZATION_LEVEL = "-Onone";
			};
			name = Debug;
		};
		B2BC60B929357570000BFE47 /* Release */ = {
			isa = XCBuildConfiguration;
			buildSettings = {
				ALWAYS_SEARCH_USER_PATHS = NO;
				CLANG_ANALYZER_NONNULL = YES;
				CLANG_ANALYZER_NUMBER_OBJECT_CONVERSION = YES_AGGRESSIVE;
				CLANG_CXX_LANGUAGE_STANDARD = "gnu++20";
				CLANG_ENABLE_MODULES = YES;
				CLANG_ENABLE_OBJC_ARC = YES;
				CLANG_ENABLE_OBJC_WEAK = YES;
				CLANG_WARN_BLOCK_CAPTURE_AUTORELEASING = YES;
				CLANG_WARN_BOOL_CONVERSION = YES;
				CLANG_WARN_COMMA = YES;
				CLANG_WARN_CONSTANT_CONVERSION = YES;
				CLANG_WARN_DEPRECATED_OBJC_IMPLEMENTATIONS = YES;
				CLANG_WARN_DIRECT_OBJC_ISA_USAGE = YES_ERROR;
				CLANG_WARN_DOCUMENTATION_COMMENTS = YES;
				CLANG_WARN_EMPTY_BODY = YES;
				CLANG_WARN_ENUM_CONVERSION = YES;
				CLANG_WARN_INFINITE_RECURSION = YES;
				CLANG_WARN_INT_CONVERSION = YES;
				CLANG_WARN_NON_LITERAL_NULL_CONVERSION = YES;
				CLANG_WARN_OBJC_IMPLICIT_RETAIN_SELF = YES;
				CLANG_WARN_OBJC_LITERAL_CONVERSION = YES;
				CLANG_WARN_OBJC_ROOT_CLASS = YES_ERROR;
				CLANG_WARN_QUOTED_INCLUDE_IN_FRAMEWORK_HEADER = YES;
				CLANG_WARN_RANGE_LOOP_ANALYSIS = YES;
				CLANG_WARN_STRICT_PROTOTYPES = YES;
				CLANG_WARN_SUSPICIOUS_MOVE = YES;
				CLANG_WARN_UNGUARDED_AVAILABILITY = YES_AGGRESSIVE;
				CLANG_WARN_UNREACHABLE_CODE = YES;
				CLANG_WARN__DUPLICATE_METHOD_MATCH = YES;
				COPY_PHASE_STRIP = NO;
				DEBUG_INFORMATION_FORMAT = "dwarf-with-dsym";
				ENABLE_NS_ASSERTIONS = NO;
				ENABLE_STRICT_OBJC_MSGSEND = YES;
				GCC_C_LANGUAGE_STANDARD = gnu11;
				GCC_NO_COMMON_BLOCKS = YES;
				GCC_WARN_64_TO_32_BIT_CONVERSION = YES;
				GCC_WARN_ABOUT_RETURN_TYPE = YES_ERROR;
				GCC_WARN_UNDECLARED_SELECTOR = YES;
				GCC_WARN_UNINITIALIZED_AUTOS = YES_AGGRESSIVE;
				GCC_WARN_UNUSED_FUNCTION = YES;
				GCC_WARN_UNUSED_VARIABLE = YES;
				IPHONEOS_DEPLOYMENT_TARGET = 16.1;
				MTL_ENABLE_DEBUG_INFO = NO;
				MTL_FAST_MATH = YES;
				SDKROOT = iphoneos;
				SWIFT_COMPILATION_MODE = wholemodule;
				SWIFT_OPTIMIZATION_LEVEL = "-O";
				VALIDATE_PRODUCT = YES;
			};
			name = Release;
		};
		B2BC60BB29357570000BFE47 /* Debug */ = {
			isa = XCBuildConfiguration;
			buildSettings = {
				ASSETCATALOG_COMPILER_APPICON_NAME = AppIcon;
				ASSETCATALOG_COMPILER_GLOBAL_ACCENT_COLOR_NAME = AccentColor;
				CODE_SIGN_STYLE = Automatic;
				CURRENT_PROJECT_VERSION = 1;
				DEVELOPMENT_TEAM = 6D5984MR54;
				GENERATE_INFOPLIST_FILE = YES;
				INFOPLIST_FILE = desafio_mobile/Info.plist;
				INFOPLIST_KEY_UIApplicationSupportsIndirectInputEvents = YES;
				INFOPLIST_KEY_UILaunchStoryboardName = LaunchScreen;
				INFOPLIST_KEY_UIMainStoryboardFile = Main;
				INFOPLIST_KEY_UISupportedInterfaceOrientations_iPad = "UIInterfaceOrientationPortrait UIInterfaceOrientationPortraitUpsideDown UIInterfaceOrientationLandscapeLeft UIInterfaceOrientationLandscapeRight";
				INFOPLIST_KEY_UISupportedInterfaceOrientations_iPhone = "UIInterfaceOrientationPortrait UIInterfaceOrientationLandscapeLeft UIInterfaceOrientationLandscapeRight";
				LD_RUNPATH_SEARCH_PATHS = (
					"$(inherited)",
					"@executable_path/Frameworks",
				);
				MARKETING_VERSION = 1.0;
				PRODUCT_BUNDLE_IDENTIFIER = "com.joh-camacho.desafio-mobile";
				PRODUCT_NAME = "$(TARGET_NAME)";
				SWIFT_EMIT_LOC_STRINGS = YES;
				SWIFT_VERSION = 5.0;
				TARGETED_DEVICE_FAMILY = "1,2";
			};
			name = Debug;
		};
		B2BC60BC29357570000BFE47 /* Release */ = {
			isa = XCBuildConfiguration;
			buildSettings = {
				ASSETCATALOG_COMPILER_APPICON_NAME = AppIcon;
				ASSETCATALOG_COMPILER_GLOBAL_ACCENT_COLOR_NAME = AccentColor;
				CODE_SIGN_STYLE = Automatic;
				CURRENT_PROJECT_VERSION = 1;
				DEVELOPMENT_TEAM = 6D5984MR54;
				GENERATE_INFOPLIST_FILE = YES;
				INFOPLIST_FILE = desafio_mobile/Info.plist;
				INFOPLIST_KEY_UIApplicationSupportsIndirectInputEvents = YES;
				INFOPLIST_KEY_UILaunchStoryboardName = LaunchScreen;
				INFOPLIST_KEY_UIMainStoryboardFile = Main;
				INFOPLIST_KEY_UISupportedInterfaceOrientations_iPad = "UIInterfaceOrientationPortrait UIInterfaceOrientationPortraitUpsideDown UIInterfaceOrientationLandscapeLeft UIInterfaceOrientationLandscapeRight";
				INFOPLIST_KEY_UISupportedInterfaceOrientations_iPhone = "UIInterfaceOrientationPortrait UIInterfaceOrientationLandscapeLeft UIInterfaceOrientationLandscapeRight";
				LD_RUNPATH_SEARCH_PATHS = (
					"$(inherited)",
					"@executable_path/Frameworks",
				);
				MARKETING_VERSION = 1.0;
				PRODUCT_BUNDLE_IDENTIFIER = "com.joh-camacho.desafio-mobile";
				PRODUCT_NAME = "$(TARGET_NAME)";
				SWIFT_EMIT_LOC_STRINGS = YES;
				SWIFT_VERSION = 5.0;
				TARGETED_DEVICE_FAMILY = "1,2";
			};
			name = Release;
		};
		B2BC60BE29357570000BFE47 /* Debug */ = {
			isa = XCBuildConfiguration;
			buildSettings = {
				ALWAYS_EMBED_SWIFT_STANDARD_LIBRARIES = YES;
				BUNDLE_LOADER = "$(TEST_HOST)";
				CODE_SIGN_STYLE = Automatic;
				CURRENT_PROJECT_VERSION = 1;
				DEVELOPMENT_TEAM = 6D5984MR54;
				GENERATE_INFOPLIST_FILE = YES;
				IPHONEOS_DEPLOYMENT_TARGET = 16.1;
				MARKETING_VERSION = 1.0;
				PRODUCT_BUNDLE_IDENTIFIER = "com.joh-camacho.desafio-mobileTests";
				PRODUCT_NAME = "$(TARGET_NAME)";
				SWIFT_EMIT_LOC_STRINGS = NO;
				SWIFT_VERSION = 5.0;
				TARGETED_DEVICE_FAMILY = "1,2";
				TEST_HOST = "$(BUILT_PRODUCTS_DIR)/desafio_mobile.app/$(BUNDLE_EXECUTABLE_FOLDER_PATH)/desafio_mobile";
			};
			name = Debug;
		};
		B2BC60BF29357570000BFE47 /* Release */ = {
			isa = XCBuildConfiguration;
			buildSettings = {
				ALWAYS_EMBED_SWIFT_STANDARD_LIBRARIES = YES;
				BUNDLE_LOADER = "$(TEST_HOST)";
				CODE_SIGN_STYLE = Automatic;
				CURRENT_PROJECT_VERSION = 1;
				DEVELOPMENT_TEAM = 6D5984MR54;
				GENERATE_INFOPLIST_FILE = YES;
				IPHONEOS_DEPLOYMENT_TARGET = 16.1;
				MARKETING_VERSION = 1.0;
				PRODUCT_BUNDLE_IDENTIFIER = "com.joh-camacho.desafio-mobileTests";
				PRODUCT_NAME = "$(TARGET_NAME)";
				SWIFT_EMIT_LOC_STRINGS = NO;
				SWIFT_VERSION = 5.0;
				TARGETED_DEVICE_FAMILY = "1,2";
				TEST_HOST = "$(BUILT_PRODUCTS_DIR)/desafio_mobile.app/$(BUNDLE_EXECUTABLE_FOLDER_PATH)/desafio_mobile";
			};
			name = Release;
		};
		B2BC60C129357570000BFE47 /* Debug */ = {
			isa = XCBuildConfiguration;
			buildSettings = {
				ALWAYS_EMBED_SWIFT_STANDARD_LIBRARIES = YES;
				CODE_SIGN_STYLE = Automatic;
				CURRENT_PROJECT_VERSION = 1;
				DEVELOPMENT_TEAM = 6D5984MR54;
				GENERATE_INFOPLIST_FILE = YES;
				MARKETING_VERSION = 1.0;
				PRODUCT_BUNDLE_IDENTIFIER = "com.joh-camacho.desafio-mobileUITests";
				PRODUCT_NAME = "$(TARGET_NAME)";
				SWIFT_EMIT_LOC_STRINGS = NO;
				SWIFT_VERSION = 5.0;
				TARGETED_DEVICE_FAMILY = "1,2";
				TEST_TARGET_NAME = desafio_mobile;
			};
			name = Debug;
		};
		B2BC60C229357570000BFE47 /* Release */ = {
			isa = XCBuildConfiguration;
			buildSettings = {
				ALWAYS_EMBED_SWIFT_STANDARD_LIBRARIES = YES;
				CODE_SIGN_STYLE = Automatic;
				CURRENT_PROJECT_VERSION = 1;
				DEVELOPMENT_TEAM = 6D5984MR54;
				GENERATE_INFOPLIST_FILE = YES;
				MARKETING_VERSION = 1.0;
				PRODUCT_BUNDLE_IDENTIFIER = "com.joh-camacho.desafio-mobileUITests";
				PRODUCT_NAME = "$(TARGET_NAME)";
				SWIFT_EMIT_LOC_STRINGS = NO;
				SWIFT_VERSION = 5.0;
				TARGETED_DEVICE_FAMILY = "1,2";
				TEST_TARGET_NAME = desafio_mobile;
			};
			name = Release;
		};
/* End XCBuildConfiguration section */

/* Begin XCConfigurationList section */
		B2BC60882935756E000BFE47 /* Build configuration list for PBXProject "desafio_mobile" */ = {
			isa = XCConfigurationList;
			buildConfigurations = (
				B2BC60B829357570000BFE47 /* Debug */,
				B2BC60B929357570000BFE47 /* Release */,
			);
			defaultConfigurationIsVisible = 0;
			defaultConfigurationName = Release;
		};
		B2BC60BA29357570000BFE47 /* Build configuration list for PBXNativeTarget "desafio_mobile" */ = {
			isa = XCConfigurationList;
			buildConfigurations = (
				B2BC60BB29357570000BFE47 /* Debug */,
				B2BC60BC29357570000BFE47 /* Release */,
			);
			defaultConfigurationIsVisible = 0;
			defaultConfigurationName = Release;
		};
		B2BC60BD29357570000BFE47 /* Build configuration list for PBXNativeTarget "desafio_mobileTests" */ = {
			isa = XCConfigurationList;
			buildConfigurations = (
				B2BC60BE29357570000BFE47 /* Debug */,
				B2BC60BF29357570000BFE47 /* Release */,
			);
			defaultConfigurationIsVisible = 0;
			defaultConfigurationName = Release;
		};
		B2BC60C029357570000BFE47 /* Build configuration list for PBXNativeTarget "desafio_mobileUITests" */ = {
			isa = XCConfigurationList;
			buildConfigurations = (
				B2BC60C129357570000BFE47 /* Debug */,
				B2BC60C229357570000BFE47 /* Release */,
			);
			defaultConfigurationIsVisible = 0;
			defaultConfigurationName = Release;
		};
/* End XCConfigurationList section */

/* Begin XCRemoteSwiftPackageReference section */
		B2BC60C529357E12000BFE47 /* XCRemoteSwiftPackageReference "firebase-ios-sdk" */ = {
			isa = XCRemoteSwiftPackageReference;
			repositoryURL = "https://github.com/firebase/firebase-ios-sdk";
			requirement = {
				kind = upToNextMajorVersion;
				minimumVersion = 9.0.0;
			};
		};
/* End XCRemoteSwiftPackageReference section */

/* Begin XCSwiftPackageProductDependency section */
		B2BC60C629357E12000BFE47 /* FirebaseAnalytics */ = {
			isa = XCSwiftPackageProductDependency;
			package = B2BC60C529357E12000BFE47 /* XCRemoteSwiftPackageReference "firebase-ios-sdk" */;
			productName = FirebaseAnalytics;
		};
		B2BC60C829357E12000BFE47 /* FirebaseAuth */ = {
			isa = XCSwiftPackageProductDependency;
			package = B2BC60C529357E12000BFE47 /* XCRemoteSwiftPackageReference "firebase-ios-sdk" */;
			productName = FirebaseAuth;
		};
		B2BC60CA29357E12000BFE47 /* FirebaseCrashlytics */ = {
			isa = XCSwiftPackageProductDependency;
			package = B2BC60C529357E12000BFE47 /* XCRemoteSwiftPackageReference "firebase-ios-sdk" */;
			productName = FirebaseCrashlytics;
		};
		B2BC60CC29357E12000BFE47 /* FirebaseFirestore */ = {
			isa = XCSwiftPackageProductDependency;
			package = B2BC60C529357E12000BFE47 /* XCRemoteSwiftPackageReference "firebase-ios-sdk" */;
			productName = FirebaseFirestore;
		};
/* End XCSwiftPackageProductDependency section */

/* Begin XCVersionGroup section */
		B2BC60992935756E000BFE47 /* desafio_mobile.xcdatamodeld */ = {
			isa = XCVersionGroup;
			children = (
				B2BC609A2935756E000BFE47 /* desafio_mobile.xcdatamodel */,
			);
			currentVersion = B2BC609A2935756E000BFE47 /* desafio_mobile.xcdatamodel */;
			path = desafio_mobile.xcdatamodeld;
			sourceTree = "<group>";
			versionGroupType = wrapper.xcdatamodel;
		};
/* End XCVersionGroup section */
	};
	rootObject = B2BC60852935756E000BFE47 /* Project object */;
}
